
Microsoft Visual Studio Solution File, Format Version 12.00
# Visual Studio Version 17
VisualStudioVersion = 17.5.33516.290
MinimumVisualStudioVersion = 10.0.40219.1
Project("{9A19103F-16F7-4668-BE54-9A1E7A4F7556}") = "LineTen.Domain.Test", "test\LineTen.Domain.Test\LineTen.Domain.Test.csproj", "{3444DBF3-8F69-4D1C-928A-BF0DA751B7C7}"
EndProject
Project("{9A19103F-16F7-4668-BE54-9A1E7A4F7556}") = "LineTen.Domain", "src\LineTen.Domain\LineTen.Domain.csproj", "{A352D9C0-6CC9-4F30-92A9-347C8540FE8B}"
EndProject
Project("{9A19103F-16F7-4668-BE54-9A1E7A4F7556}") = "LineTen.Application", "LineTen.Application\LineTen.Application.csproj", "{F3C92B3C-3873-4DE5-A7AC-CB1B60EEC0EB}"
EndProject
Project("{9A19103F-16F7-4668-BE54-9A1E7A4F7556}") = "LineTen.Infrastructure", "LineTen.Infrastructure\LineTen.Infrastructure.csproj", "{8A3ECD60-1D23-4CA3-823C-B4290393627D}"
EndProject
Project("{9A19103F-16F7-4668-BE54-9A1E7A4F7556}") = "LineTen.API", "LineTen.API\LineTen.API.csproj", "{DE5F41D3-E68E-4875-A4AD-6F0D1BF5FAE8}"
EndProject
Project("{2150E333-8FDC-42A3-9474-1A3956D46DE8}") = "Solution Items", "Solution Items", "{DD8EFEBA-1EFC-428D-A10F-51BCC7859CB6}"
EndProject
Global
	GlobalSection(SolutionConfigurationPlatforms) = preSolution
		Debug|Any CPU = Debug|Any CPU
		Release|Any CPU = Release|Any CPU
	EndGlobalSection
	GlobalSection(ProjectConfigurationPlatforms) = postSolution
		{3444DBF3-8F69-4D1C-928A-BF0DA751B7C7}.Debug|Any CPU.ActiveCfg = Debug|Any CPU
		{3444DBF3-8F69-4D1C-928A-BF0DA751B7C7}.Debug|Any CPU.Build.0 = Debug|Any CPU
		{3444DBF3-8F69-4D1C-928A-BF0DA751B7C7}.Release|Any CPU.ActiveCfg = Release|Any CPU
		{3444DBF3-8F69-4D1C-928A-BF0DA751B7C7}.Release|Any CPU.Build.0 = Release|Any CPU
		{A352D9C0-6CC9-4F30-92A9-347C8540FE8B}.Debug|Any CPU.ActiveCfg = Debug|Any CPU
		{A352D9C0-6CC9-4F30-92A9-347C8540FE8B}.Debug|Any CPU.Build.0 = Debug|Any CPU
		{A352D9C0-6CC9-4F30-92A9-347C8540FE8B}.Release|Any CPU.ActiveCfg = Release|Any CPU
		{A352D9C0-6CC9-4F30-92A9-347C8540FE8B}.Release|Any CPU.Build.0 = Release|Any CPU
		{F3C92B3C-3873-4DE5-A7AC-CB1B60EEC0EB}.Debug|Any CPU.ActiveCfg = Debug|Any CPU
		{F3C92B3C-3873-4DE5-A7AC-CB1B60EEC0EB}.Debug|Any CPU.Build.0 = Debug|Any CPU
		{F3C92B3C-3873-4DE5-A7AC-CB1B60EEC0EB}.Release|Any CPU.ActiveCfg = Release|Any CPU
		{F3C92B3C-3873-4DE5-A7AC-CB1B60EEC0EB}.Release|Any CPU.Build.0 = Release|Any CPU
		{8A3ECD60-1D23-4CA3-823C-B4290393627D}.Debug|Any CPU.ActiveCfg = Debug|Any CPU
		{8A3ECD60-1D23-4CA3-823C-B4290393627D}.Debug|Any CPU.Build.0 = Debug|Any CPU
		{8A3ECD60-1D23-4CA3-823C-B4290393627D}.Release|Any CPU.ActiveCfg = Release|Any CPU
		{8A3ECD60-1D23-4CA3-823C-B4290393627D}.Release|Any CPU.Build.0 = Release|Any CPU
		{DE5F41D3-E68E-4875-A4AD-6F0D1BF5FAE8}.Debug|Any CPU.ActiveCfg = Debug|Any CPU
		{DE5F41D3-E68E-4875-A4AD-6F0D1BF5FAE8}.Debug|Any CPU.Build.0 = Debug|Any CPU
		{DE5F41D3-E68E-4875-A4AD-6F0D1BF5FAE8}.Release|Any CPU.ActiveCfg = Release|Any CPU
		{DE5F41D3-E68E-4875-A4AD-6F0D1BF5FAE8}.Release|Any CPU.Build.0 = Release|Any CPU
	EndGlobalSection
	GlobalSection(SolutionProperties) = preSolution
		HideSolutionNode = FALSE
	EndGlobalSection
	GlobalSection(ExtensibilityGlobals) = postSolution
		SolutionGuid = {C2018C46-CC4A-49E6-A371-68B6623A6DB4}
	EndGlobalSection
EndGlobal
